
Microsoft Visual Studio Solution File, Format Version 12.00
# Visual Studio 15
VisualStudioVersion = 15.0.28307.539
MinimumVisualStudioVersion = 10.0.40219.1
Project("{2150E333-8FDC-42A3-9474-1A3956D46DE8}") = "Common", "Common", "{40B6919E-D95B-4E16-8327-0106ADE8DE81}"
EndProject
Project("{9A19103F-16F7-4668-BE54-9A1E7A4F7556}") = "Shop.Common", "Shop.Common\Shop.Common.csproj", "{38B8E644-B556-4926-8923-EF67C711B0E3}"
EndProject
Project("{2150E333-8FDC-42A3-9474-1A3956D46DE8}") = "Web", "Web", "{71D03F7B-467E-48AC-9133-0DCAAF3306CA}"
EndProject
Project("{9A19103F-16F7-4668-BE54-9A1E7A4F7556}") = "Shop.Web", "Shop.Web\Shop.Web.csproj", "{AF04D43E-C371-4F86-A7CA-2CC55455E772}"
EndProject
Project("{2150E333-8FDC-42A3-9474-1A3956D46DE8}") = "Xamarin", "Xamarin", "{F53BDD35-F7DB-4473-840B-DAC97E78BBE0}"
EndProject
Project("{2150E333-8FDC-42A3-9474-1A3956D46DE8}") = "Forms", "Forms", "{C13328F3-FFE6-419D-91CB-8E6CCC0C275A}"
EndProject
Project("{2150E333-8FDC-42A3-9474-1A3956D46DE8}") = "Classic", "Classic", "{F6337960-8A44-42C4-AECB-72374D6C72A4}"
EndProject
Project("{FAE04EC0-301F-11D3-BF4B-00C04F79EFBC}") = "Shop.UIForms.Android", "Shop.UIForms\Shop.UIForms.Android\Shop.UIForms.Android.csproj", "{385A9B6D-F32C-453B-B175-67A6950DEABF}"
EndProject
Project("{FAE04EC0-301F-11D3-BF4B-00C04F79EFBC}") = "Shop.UIForms.iOS", "Shop.UIForms\Shop.UIForms.iOS\Shop.UIForms.iOS.csproj", "{0C63C0EC-8FC1-487C-9677-46232888BCD6}"
EndProject
Project("{FAE04EC0-301F-11D3-BF4B-00C04F79EFBC}") = "Shop.UIForms.UWP", "Shop.UIForms\Shop.UIForms.UWP\Shop.UIForms.UWP.csproj", "{DCF43C37-05A7-49EE-BA96-74D3FF9C5376}"
EndProject
Project("{9A19103F-16F7-4668-BE54-9A1E7A4F7556}") = "Shop.UIForms", "Shop.UIForms\Shop.UIForms\Shop.UIForms.csproj", "{E033E0FD-1C4F-41A9-B682-CB62138870CC}"
EndProject
Project("{9A19103F-16F7-4668-BE54-9A1E7A4F7556}") = "Shop.UIClassic", "Shop.UIClassic\Shop.UIClassic.csproj", "{747982F0-2A6F-43A6-AE95-0D03D717F411}"
EndProject
Project("{FAE04EC0-301F-11D3-BF4B-00C04F79EFBC}") = "Shop.UIClassic.Android", "Shop.UIClassic.Android\Shop.UIClassic.Android.csproj", "{4C26063A-DADC-45B6-B09A-5F3D4D44167E}"
EndProject
Project("{FAE04EC0-301F-11D3-BF4B-00C04F79EFBC}") = "Shop.UIClassic.iOS", "Shop.UIClassic.iOS\Shop.UIClassic.iOS.csproj", "{80A96B52-6758-4BDB-B0B4-CEA4CA155C60}"
EndProject
Global
	GlobalSection(SolutionConfigurationPlatforms) = preSolution
		Ad-Hoc|Any CPU = Ad-Hoc|Any CPU
		Ad-Hoc|ARM = Ad-Hoc|ARM
		Ad-Hoc|iPhone = Ad-Hoc|iPhone
		Ad-Hoc|iPhoneSimulator = Ad-Hoc|iPhoneSimulator
		Ad-Hoc|x64 = Ad-Hoc|x64
		Ad-Hoc|x86 = Ad-Hoc|x86
		AppStore|Any CPU = AppStore|Any CPU
		AppStore|ARM = AppStore|ARM
		AppStore|iPhone = AppStore|iPhone
		AppStore|iPhoneSimulator = AppStore|iPhoneSimulator
		AppStore|x64 = AppStore|x64
		AppStore|x86 = AppStore|x86
		Debug|Any CPU = Debug|Any CPU
		Debug|ARM = Debug|ARM
		Debug|iPhone = Debug|iPhone
		Debug|iPhoneSimulator = Debug|iPhoneSimulator
		Debug|x64 = Debug|x64
		Debug|x86 = Debug|x86
		Release|Any CPU = Release|Any CPU
		Release|ARM = Release|ARM
		Release|iPhone = Release|iPhone
		Release|iPhoneSimulator = Release|iPhoneSimulator
		Release|x64 = Release|x64
		Release|x86 = Release|x86
	EndGlobalSection
	GlobalSection(ProjectConfigurationPlatforms) = postSolution
		{38B8E644-B556-4926-8923-EF67C711B0E3}.Ad-Hoc|Any CPU.ActiveCfg = Debug|Any CPU
		{38B8E644-B556-4926-8923-EF67C711B0E3}.Ad-Hoc|Any CPU.Build.0 = Debug|Any CPU
		{38B8E644-B556-4926-8923-EF67C711B0E3}.Ad-Hoc|ARM.ActiveCfg = Debug|Any CPU
		{38B8E644-B556-4926-8923-EF67C711B0E3}.Ad-Hoc|ARM.Build.0 = Debug|Any CPU
		{38B8E644-B556-4926-8923-EF67C711B0E3}.Ad-Hoc|iPhone.ActiveCfg = Debug|Any CPU
		{38B8E644-B556-4926-8923-EF67C711B0E3}.Ad-Hoc|iPhone.Build.0 = Debug|Any CPU
		{38B8E644-B556-4926-8923-EF67C711B0E3}.Ad-Hoc|iPhoneSimulator.ActiveCfg = Debug|Any CPU
		{38B8E644-B556-4926-8923-EF67C711B0E3}.Ad-Hoc|iPhoneSimulator.Build.0 = Debug|Any CPU
		{38B8E644-B556-4926-8923-EF67C711B0E3}.Ad-Hoc|x64.ActiveCfg = Debug|Any CPU
		{38B8E644-B556-4926-8923-EF67C711B0E3}.Ad-Hoc|x64.Build.0 = Debug|Any CPU
		{38B8E644-B556-4926-8923-EF67C711B0E3}.Ad-Hoc|x86.ActiveCfg = Debug|Any CPU
		{38B8E644-B556-4926-8923-EF67C711B0E3}.Ad-Hoc|x86.Build.0 = Debug|Any CPU
		{38B8E644-B556-4926-8923-EF67C711B0E3}.AppStore|Any CPU.ActiveCfg = Debug|Any CPU
		{38B8E644-B556-4926-8923-EF67C711B0E3}.AppStore|Any CPU.Build.0 = Debug|Any CPU
		{38B8E644-B556-4926-8923-EF67C711B0E3}.AppStore|ARM.ActiveCfg = Debug|Any CPU
		{38B8E644-B556-4926-8923-EF67C711B0E3}.AppStore|ARM.Build.0 = Debug|Any CPU
		{38B8E644-B556-4926-8923-EF67C711B0E3}.AppStore|iPhone.ActiveCfg = Debug|Any CPU
		{38B8E644-B556-4926-8923-EF67C711B0E3}.AppStore|iPhone.Build.0 = Debug|Any CPU
		{38B8E644-B556-4926-8923-EF67C711B0E3}.AppStore|iPhoneSimulator.ActiveCfg = Debug|Any CPU
		{38B8E644-B556-4926-8923-EF67C711B0E3}.AppStore|iPhoneSimulator.Build.0 = Debug|Any CPU
		{38B8E644-B556-4926-8923-EF67C711B0E3}.AppStore|x64.ActiveCfg = Debug|Any CPU
		{38B8E644-B556-4926-8923-EF67C711B0E3}.AppStore|x64.Build.0 = Debug|Any CPU
		{38B8E644-B556-4926-8923-EF67C711B0E3}.AppStore|x86.ActiveCfg = Debug|Any CPU
		{38B8E644-B556-4926-8923-EF67C711B0E3}.AppStore|x86.Build.0 = Debug|Any CPU
		{38B8E644-B556-4926-8923-EF67C711B0E3}.Debug|Any CPU.ActiveCfg = Debug|Any CPU
		{38B8E644-B556-4926-8923-EF67C711B0E3}.Debug|Any CPU.Build.0 = Debug|Any CPU
		{38B8E644-B556-4926-8923-EF67C711B0E3}.Debug|ARM.ActiveCfg = Debug|Any CPU
		{38B8E644-B556-4926-8923-EF67C711B0E3}.Debug|ARM.Build.0 = Debug|Any CPU
		{38B8E644-B556-4926-8923-EF67C711B0E3}.Debug|iPhone.ActiveCfg = Debug|Any CPU
		{38B8E644-B556-4926-8923-EF67C711B0E3}.Debug|iPhone.Build.0 = Debug|Any CPU
		{38B8E644-B556-4926-8923-EF67C711B0E3}.Debug|iPhoneSimulator.ActiveCfg = Debug|Any CPU
		{38B8E644-B556-4926-8923-EF67C711B0E3}.Debug|iPhoneSimulator.Build.0 = Debug|Any CPU
		{38B8E644-B556-4926-8923-EF67C711B0E3}.Debug|x64.ActiveCfg = Debug|Any CPU
		{38B8E644-B556-4926-8923-EF67C711B0E3}.Debug|x64.Build.0 = Debug|Any CPU
		{38B8E644-B556-4926-8923-EF67C711B0E3}.Debug|x86.ActiveCfg = Debug|Any CPU
		{38B8E644-B556-4926-8923-EF67C711B0E3}.Debug|x86.Build.0 = Debug|Any CPU
		{38B8E644-B556-4926-8923-EF67C711B0E3}.Release|Any CPU.ActiveCfg = Release|Any CPU
		{38B8E644-B556-4926-8923-EF67C711B0E3}.Release|Any CPU.Build.0 = Release|Any CPU
		{38B8E644-B556-4926-8923-EF67C711B0E3}.Release|ARM.ActiveCfg = Release|Any CPU
		{38B8E644-B556-4926-8923-EF67C711B0E3}.Release|ARM.Build.0 = Release|Any CPU
		{38B8E644-B556-4926-8923-EF67C711B0E3}.Release|iPhone.ActiveCfg = Release|Any CPU
		{38B8E644-B556-4926-8923-EF67C711B0E3}.Release|iPhone.Build.0 = Release|Any CPU
		{38B8E644-B556-4926-8923-EF67C711B0E3}.Release|iPhoneSimulator.ActiveCfg = Release|Any CPU
		{38B8E644-B556-4926-8923-EF67C711B0E3}.Release|iPhoneSimulator.Build.0 = Release|Any CPU
		{38B8E644-B556-4926-8923-EF67C711B0E3}.Release|x64.ActiveCfg = Release|Any CPU
		{38B8E644-B556-4926-8923-EF67C711B0E3}.Release|x64.Build.0 = Release|Any CPU
		{38B8E644-B556-4926-8923-EF67C711B0E3}.Release|x86.ActiveCfg = Release|Any CPU
		{38B8E644-B556-4926-8923-EF67C711B0E3}.Release|x86.Build.0 = Release|Any CPU
		{AF04D43E-C371-4F86-A7CA-2CC55455E772}.Ad-Hoc|Any CPU.ActiveCfg = Debug|Any CPU
		{AF04D43E-C371-4F86-A7CA-2CC55455E772}.Ad-Hoc|Any CPU.Build.0 = Debug|Any CPU
		{AF04D43E-C371-4F86-A7CA-2CC55455E772}.Ad-Hoc|ARM.ActiveCfg = Debug|Any CPU
		{AF04D43E-C371-4F86-A7CA-2CC55455E772}.Ad-Hoc|ARM.Build.0 = Debug|Any CPU
		{AF04D43E-C371-4F86-A7CA-2CC55455E772}.Ad-Hoc|iPhone.ActiveCfg = Debug|Any CPU
		{AF04D43E-C371-4F86-A7CA-2CC55455E772}.Ad-Hoc|iPhone.Build.0 = Debug|Any CPU
		{AF04D43E-C371-4F86-A7CA-2CC55455E772}.Ad-Hoc|iPhoneSimulator.ActiveCfg = Debug|Any CPU
		{AF04D43E-C371-4F86-A7CA-2CC55455E772}.Ad-Hoc|iPhoneSimulator.Build.0 = Debug|Any CPU
		{AF04D43E-C371-4F86-A7CA-2CC55455E772}.Ad-Hoc|x64.ActiveCfg = Debug|Any CPU
		{AF04D43E-C371-4F86-A7CA-2CC55455E772}.Ad-Hoc|x64.Build.0 = Debug|Any CPU
		{AF04D43E-C371-4F86-A7CA-2CC55455E772}.Ad-Hoc|x86.ActiveCfg = Debug|Any CPU
		{AF04D43E-C371-4F86-A7CA-2CC55455E772}.Ad-Hoc|x86.Build.0 = Debug|Any CPU
		{AF04D43E-C371-4F86-A7CA-2CC55455E772}.AppStore|Any CPU.ActiveCfg = Debug|Any CPU
		{AF04D43E-C371-4F86-A7CA-2CC55455E772}.AppStore|Any CPU.Build.0 = Debug|Any CPU
		{AF04D43E-C371-4F86-A7CA-2CC55455E772}.AppStore|ARM.ActiveCfg = Debug|Any CPU
		{AF04D43E-C371-4F86-A7CA-2CC55455E772}.AppStore|ARM.Build.0 = Debug|Any CPU
		{AF04D43E-C371-4F86-A7CA-2CC55455E772}.AppStore|iPhone.ActiveCfg = Debug|Any CPU
		{AF04D43E-C371-4F86-A7CA-2CC55455E772}.AppStore|iPhone.Build.0 = Debug|Any CPU
		{AF04D43E-C371-4F86-A7CA-2CC55455E772}.AppStore|iPhoneSimulator.ActiveCfg = Debug|Any CPU
		{AF04D43E-C371-4F86-A7CA-2CC55455E772}.AppStore|iPhoneSimulator.Build.0 = Debug|Any CPU
		{AF04D43E-C371-4F86-A7CA-2CC55455E772}.AppStore|x64.ActiveCfg = Debug|Any CPU
		{AF04D43E-C371-4F86-A7CA-2CC55455E772}.AppStore|x64.Build.0 = Debug|Any CPU
		{AF04D43E-C371-4F86-A7CA-2CC55455E772}.AppStore|x86.ActiveCfg = Debug|Any CPU
		{AF04D43E-C371-4F86-A7CA-2CC55455E772}.AppStore|x86.Build.0 = Debug|Any CPU
		{AF04D43E-C371-4F86-A7CA-2CC55455E772}.Debug|Any CPU.ActiveCfg = Debug|Any CPU
		{AF04D43E-C371-4F86-A7CA-2CC55455E772}.Debug|Any CPU.Build.0 = Debug|Any CPU
		{AF04D43E-C371-4F86-A7CA-2CC55455E772}.Debug|ARM.ActiveCfg = Debug|Any CPU
		{AF04D43E-C371-4F86-A7CA-2CC55455E772}.Debug|ARM.Build.0 = Debug|Any CPU
		{AF04D43E-C371-4F86-A7CA-2CC55455E772}.Debug|iPhone.ActiveCfg = Debug|Any CPU
		{AF04D43E-C371-4F86-A7CA-2CC55455E772}.Debug|iPhone.Build.0 = Debug|Any CPU
		{AF04D43E-C371-4F86-A7CA-2CC55455E772}.Debug|iPhoneSimulator.ActiveCfg = Debug|Any CPU
		{AF04D43E-C371-4F86-A7CA-2CC55455E772}.Debug|iPhoneSimulator.Build.0 = Debug|Any CPU
		{AF04D43E-C371-4F86-A7CA-2CC55455E772}.Debug|x64.ActiveCfg = Debug|Any CPU
		{AF04D43E-C371-4F86-A7CA-2CC55455E772}.Debug|x64.Build.0 = Debug|Any CPU
		{AF04D43E-C371-4F86-A7CA-2CC55455E772}.Debug|x86.ActiveCfg = Debug|Any CPU
		{AF04D43E-C371-4F86-A7CA-2CC55455E772}.Debug|x86.Build.0 = Debug|Any CPU
		{AF04D43E-C371-4F86-A7CA-2CC55455E772}.Release|Any CPU.ActiveCfg = Release|Any CPU
		{AF04D43E-C371-4F86-A7CA-2CC55455E772}.Release|Any CPU.Build.0 = Release|Any CPU
		{AF04D43E-C371-4F86-A7CA-2CC55455E772}.Release|ARM.ActiveCfg = Release|Any CPU
		{AF04D43E-C371-4F86-A7CA-2CC55455E772}.Release|ARM.Build.0 = Release|Any CPU
		{AF04D43E-C371-4F86-A7CA-2CC55455E772}.Release|iPhone.ActiveCfg = Release|Any CPU
		{AF04D43E-C371-4F86-A7CA-2CC55455E772}.Release|iPhone.Build.0 = Release|Any CPU
		{AF04D43E-C371-4F86-A7CA-2CC55455E772}.Release|iPhoneSimulator.ActiveCfg = Release|Any CPU
		{AF04D43E-C371-4F86-A7CA-2CC55455E772}.Release|iPhoneSimulator.Build.0 = Release|Any CPU
		{AF04D43E-C371-4F86-A7CA-2CC55455E772}.Release|x64.ActiveCfg = Release|Any CPU
		{AF04D43E-C371-4F86-A7CA-2CC55455E772}.Release|x64.Build.0 = Release|Any CPU
		{AF04D43E-C371-4F86-A7CA-2CC55455E772}.Release|x86.ActiveCfg = Release|Any CPU
		{AF04D43E-C371-4F86-A7CA-2CC55455E772}.Release|x86.Build.0 = Release|Any CPU
		{385A9B6D-F32C-453B-B175-67A6950DEABF}.Ad-Hoc|Any CPU.ActiveCfg = Release|Any CPU
		{385A9B6D-F32C-453B-B175-67A6950DEABF}.Ad-Hoc|Any CPU.Build.0 = Release|Any CPU
		{385A9B6D-F32C-453B-B175-67A6950DEABF}.Ad-Hoc|Any CPU.Deploy.0 = Release|Any CPU
		{385A9B6D-F32C-453B-B175-67A6950DEABF}.Ad-Hoc|ARM.ActiveCfg = Release|Any CPU
		{385A9B6D-F32C-453B-B175-67A6950DEABF}.Ad-Hoc|ARM.Build.0 = Release|Any CPU
		{385A9B6D-F32C-453B-B175-67A6950DEABF}.Ad-Hoc|ARM.Deploy.0 = Release|Any CPU
		{385A9B6D-F32C-453B-B175-67A6950DEABF}.Ad-Hoc|iPhone.ActiveCfg = Release|Any CPU
		{385A9B6D-F32C-453B-B175-67A6950DEABF}.Ad-Hoc|iPhone.Build.0 = Release|Any CPU
		{385A9B6D-F32C-453B-B175-67A6950DEABF}.Ad-Hoc|iPhone.Deploy.0 = Release|Any CPU
		{385A9B6D-F32C-453B-B175-67A6950DEABF}.Ad-Hoc|iPhoneSimulator.ActiveCfg = Release|Any CPU
		{385A9B6D-F32C-453B-B175-67A6950DEABF}.Ad-Hoc|iPhoneSimulator.Build.0 = Release|Any CPU
		{385A9B6D-F32C-453B-B175-67A6950DEABF}.Ad-Hoc|iPhoneSimulator.Deploy.0 = Release|Any CPU
		{385A9B6D-F32C-453B-B175-67A6950DEABF}.Ad-Hoc|x64.ActiveCfg = Release|Any CPU
		{385A9B6D-F32C-453B-B175-67A6950DEABF}.Ad-Hoc|x64.Build.0 = Release|Any CPU
		{385A9B6D-F32C-453B-B175-67A6950DEABF}.Ad-Hoc|x64.Deploy.0 = Release|Any CPU
		{385A9B6D-F32C-453B-B175-67A6950DEABF}.Ad-Hoc|x86.ActiveCfg = Release|Any CPU
		{385A9B6D-F32C-453B-B175-67A6950DEABF}.Ad-Hoc|x86.Build.0 = Release|Any CPU
		{385A9B6D-F32C-453B-B175-67A6950DEABF}.Ad-Hoc|x86.Deploy.0 = Release|Any CPU
		{385A9B6D-F32C-453B-B175-67A6950DEABF}.AppStore|Any CPU.ActiveCfg = Release|Any CPU
		{385A9B6D-F32C-453B-B175-67A6950DEABF}.AppStore|Any CPU.Build.0 = Release|Any CPU
		{385A9B6D-F32C-453B-B175-67A6950DEABF}.AppStore|Any CPU.Deploy.0 = Release|Any CPU
		{385A9B6D-F32C-453B-B175-67A6950DEABF}.AppStore|ARM.ActiveCfg = Release|Any CPU
		{385A9B6D-F32C-453B-B175-67A6950DEABF}.AppStore|ARM.Build.0 = Release|Any CPU
		{385A9B6D-F32C-453B-B175-67A6950DEABF}.AppStore|ARM.Deploy.0 = Release|Any CPU
		{385A9B6D-F32C-453B-B175-67A6950DEABF}.AppStore|iPhone.ActiveCfg = Release|Any CPU
		{385A9B6D-F32C-453B-B175-67A6950DEABF}.AppStore|iPhone.Build.0 = Release|Any CPU
		{385A9B6D-F32C-453B-B175-67A6950DEABF}.AppStore|iPhone.Deploy.0 = Release|Any CPU
		{385A9B6D-F32C-453B-B175-67A6950DEABF}.AppStore|iPhoneSimulator.ActiveCfg = Release|Any CPU
		{385A9B6D-F32C-453B-B175-67A6950DEABF}.AppStore|iPhoneSimulator.Build.0 = Release|Any CPU
		{385A9B6D-F32C-453B-B175-67A6950DEABF}.AppStore|iPhoneSimulator.Deploy.0 = Release|Any CPU
		{385A9B6D-F32C-453B-B175-67A6950DEABF}.AppStore|x64.ActiveCfg = Release|Any CPU
		{385A9B6D-F32C-453B-B175-67A6950DEABF}.AppStore|x64.Build.0 = Release|Any CPU
		{385A9B6D-F32C-453B-B175-67A6950DEABF}.AppStore|x64.Deploy.0 = Release|Any CPU
		{385A9B6D-F32C-453B-B175-67A6950DEABF}.AppStore|x86.ActiveCfg = Release|Any CPU
		{385A9B6D-F32C-453B-B175-67A6950DEABF}.AppStore|x86.Build.0 = Release|Any CPU
		{385A9B6D-F32C-453B-B175-67A6950DEABF}.AppStore|x86.Deploy.0 = Release|Any CPU
		{385A9B6D-F32C-453B-B175-67A6950DEABF}.Debug|Any CPU.ActiveCfg = Debug|Any CPU
		{385A9B6D-F32C-453B-B175-67A6950DEABF}.Debug|Any CPU.Build.0 = Debug|Any CPU
		{385A9B6D-F32C-453B-B175-67A6950DEABF}.Debug|Any CPU.Deploy.0 = Debug|Any CPU
		{385A9B6D-F32C-453B-B175-67A6950DEABF}.Debug|ARM.ActiveCfg = Debug|Any CPU
		{385A9B6D-F32C-453B-B175-67A6950DEABF}.Debug|ARM.Build.0 = Debug|Any CPU
		{385A9B6D-F32C-453B-B175-67A6950DEABF}.Debug|ARM.Deploy.0 = Debug|Any CPU
		{385A9B6D-F32C-453B-B175-67A6950DEABF}.Debug|iPhone.ActiveCfg = Debug|Any CPU
		{385A9B6D-F32C-453B-B175-67A6950DEABF}.Debug|iPhone.Build.0 = Debug|Any CPU
		{385A9B6D-F32C-453B-B175-67A6950DEABF}.Debug|iPhone.Deploy.0 = Debug|Any CPU
		{385A9B6D-F32C-453B-B175-67A6950DEABF}.Debug|iPhoneSimulator.ActiveCfg = Debug|Any CPU
		{385A9B6D-F32C-453B-B175-67A6950DEABF}.Debug|iPhoneSimulator.Build.0 = Debug|Any CPU
		{385A9B6D-F32C-453B-B175-67A6950DEABF}.Debug|iPhoneSimulator.Deploy.0 = Debug|Any CPU
		{385A9B6D-F32C-453B-B175-67A6950DEABF}.Debug|x64.ActiveCfg = Debug|Any CPU
		{385A9B6D-F32C-453B-B175-67A6950DEABF}.Debug|x64.Build.0 = Debug|Any CPU
		{385A9B6D-F32C-453B-B175-67A6950DEABF}.Debug|x64.Deploy.0 = Debug|Any CPU
		{385A9B6D-F32C-453B-B175-67A6950DEABF}.Debug|x86.ActiveCfg = Debug|Any CPU
		{385A9B6D-F32C-453B-B175-67A6950DEABF}.Debug|x86.Build.0 = Debug|Any CPU
		{385A9B6D-F32C-453B-B175-67A6950DEABF}.Debug|x86.Deploy.0 = Debug|Any CPU
		{385A9B6D-F32C-453B-B175-67A6950DEABF}.Release|Any CPU.ActiveCfg = Release|Any CPU
		{385A9B6D-F32C-453B-B175-67A6950DEABF}.Release|Any CPU.Build.0 = Release|Any CPU
		{385A9B6D-F32C-453B-B175-67A6950DEABF}.Release|Any CPU.Deploy.0 = Release|Any CPU
		{385A9B6D-F32C-453B-B175-67A6950DEABF}.Release|ARM.ActiveCfg = Release|Any CPU
		{385A9B6D-F32C-453B-B175-67A6950DEABF}.Release|ARM.Build.0 = Release|Any CPU
		{385A9B6D-F32C-453B-B175-67A6950DEABF}.Release|ARM.Deploy.0 = Release|Any CPU
		{385A9B6D-F32C-453B-B175-67A6950DEABF}.Release|iPhone.ActiveCfg = Release|Any CPU
		{385A9B6D-F32C-453B-B175-67A6950DEABF}.Release|iPhone.Build.0 = Release|Any CPU
		{385A9B6D-F32C-453B-B175-67A6950DEABF}.Release|iPhone.Deploy.0 = Release|Any CPU
		{385A9B6D-F32C-453B-B175-67A6950DEABF}.Release|iPhoneSimulator.ActiveCfg = Release|Any CPU
		{385A9B6D-F32C-453B-B175-67A6950DEABF}.Release|iPhoneSimulator.Build.0 = Release|Any CPU
		{385A9B6D-F32C-453B-B175-67A6950DEABF}.Release|iPhoneSimulator.Deploy.0 = Release|Any CPU
		{385A9B6D-F32C-453B-B175-67A6950DEABF}.Release|x64.ActiveCfg = Release|Any CPU
		{385A9B6D-F32C-453B-B175-67A6950DEABF}.Release|x64.Build.0 = Release|Any CPU
		{385A9B6D-F32C-453B-B175-67A6950DEABF}.Release|x64.Deploy.0 = Release|Any CPU
		{385A9B6D-F32C-453B-B175-67A6950DEABF}.Release|x86.ActiveCfg = Release|Any CPU
		{385A9B6D-F32C-453B-B175-67A6950DEABF}.Release|x86.Build.0 = Release|Any CPU
		{385A9B6D-F32C-453B-B175-67A6950DEABF}.Release|x86.Deploy.0 = Release|Any CPU
		{0C63C0EC-8FC1-487C-9677-46232888BCD6}.Ad-Hoc|Any CPU.ActiveCfg = Ad-Hoc|iPhone
		{0C63C0EC-8FC1-487C-9677-46232888BCD6}.Ad-Hoc|ARM.ActiveCfg = Ad-Hoc|iPhone
		{0C63C0EC-8FC1-487C-9677-46232888BCD6}.Ad-Hoc|iPhone.ActiveCfg = Ad-Hoc|iPhone
		{0C63C0EC-8FC1-487C-9677-46232888BCD6}.Ad-Hoc|iPhone.Build.0 = Ad-Hoc|iPhone
		{0C63C0EC-8FC1-487C-9677-46232888BCD6}.Ad-Hoc|iPhoneSimulator.ActiveCfg = Ad-Hoc|iPhoneSimulator
		{0C63C0EC-8FC1-487C-9677-46232888BCD6}.Ad-Hoc|iPhoneSimulator.Build.0 = Ad-Hoc|iPhoneSimulator
		{0C63C0EC-8FC1-487C-9677-46232888BCD6}.Ad-Hoc|x64.ActiveCfg = Ad-Hoc|iPhone
		{0C63C0EC-8FC1-487C-9677-46232888BCD6}.Ad-Hoc|x86.ActiveCfg = Ad-Hoc|iPhone
		{0C63C0EC-8FC1-487C-9677-46232888BCD6}.AppStore|Any CPU.ActiveCfg = AppStore|iPhone
		{0C63C0EC-8FC1-487C-9677-46232888BCD6}.AppStore|ARM.ActiveCfg = AppStore|iPhone
		{0C63C0EC-8FC1-487C-9677-46232888BCD6}.AppStore|iPhone.ActiveCfg = AppStore|iPhone
		{0C63C0EC-8FC1-487C-9677-46232888BCD6}.AppStore|iPhone.Build.0 = AppStore|iPhone
		{0C63C0EC-8FC1-487C-9677-46232888BCD6}.AppStore|iPhoneSimulator.ActiveCfg = AppStore|iPhoneSimulator
		{0C63C0EC-8FC1-487C-9677-46232888BCD6}.AppStore|iPhoneSimulator.Build.0 = AppStore|iPhoneSimulator
		{0C63C0EC-8FC1-487C-9677-46232888BCD6}.AppStore|x64.ActiveCfg = AppStore|iPhone
		{0C63C0EC-8FC1-487C-9677-46232888BCD6}.AppStore|x86.ActiveCfg = AppStore|iPhone
		{0C63C0EC-8FC1-487C-9677-46232888BCD6}.Debug|Any CPU.ActiveCfg = Debug|iPhone
		{0C63C0EC-8FC1-487C-9677-46232888BCD6}.Debug|ARM.ActiveCfg = Debug|iPhone
		{0C63C0EC-8FC1-487C-9677-46232888BCD6}.Debug|iPhone.ActiveCfg = Debug|iPhone
		{0C63C0EC-8FC1-487C-9677-46232888BCD6}.Debug|iPhone.Build.0 = Debug|iPhone
		{0C63C0EC-8FC1-487C-9677-46232888BCD6}.Debug|iPhoneSimulator.ActiveCfg = Debug|iPhoneSimulator
		{0C63C0EC-8FC1-487C-9677-46232888BCD6}.Debug|iPhoneSimulator.Build.0 = Debug|iPhoneSimulator
		{0C63C0EC-8FC1-487C-9677-46232888BCD6}.Debug|x64.ActiveCfg = Debug|iPhone
		{0C63C0EC-8FC1-487C-9677-46232888BCD6}.Debug|x86.ActiveCfg = Debug|iPhone
		{0C63C0EC-8FC1-487C-9677-46232888BCD6}.Release|Any CPU.ActiveCfg = Release|iPhone
		{0C63C0EC-8FC1-487C-9677-46232888BCD6}.Release|ARM.ActiveCfg = Release|iPhone
		{0C63C0EC-8FC1-487C-9677-46232888BCD6}.Release|iPhone.ActiveCfg = Release|iPhone
		{0C63C0EC-8FC1-487C-9677-46232888BCD6}.Release|iPhone.Build.0 = Release|iPhone
		{0C63C0EC-8FC1-487C-9677-46232888BCD6}.Release|iPhoneSimulator.ActiveCfg = Release|iPhoneSimulator
		{0C63C0EC-8FC1-487C-9677-46232888BCD6}.Release|iPhoneSimulator.Build.0 = Release|iPhoneSimulator
		{0C63C0EC-8FC1-487C-9677-46232888BCD6}.Release|x64.ActiveCfg = Release|iPhone
		{0C63C0EC-8FC1-487C-9677-46232888BCD6}.Release|x86.ActiveCfg = Release|iPhone
		{DCF43C37-05A7-49EE-BA96-74D3FF9C5376}.Ad-Hoc|Any CPU.ActiveCfg = Release|x86
		{DCF43C37-05A7-49EE-BA96-74D3FF9C5376}.Ad-Hoc|Any CPU.Build.0 = Release|x86
		{DCF43C37-05A7-49EE-BA96-74D3FF9C5376}.Ad-Hoc|Any CPU.Deploy.0 = Release|x86
		{DCF43C37-05A7-49EE-BA96-74D3FF9C5376}.Ad-Hoc|ARM.ActiveCfg = Release|ARM
		{DCF43C37-05A7-49EE-BA96-74D3FF9C5376}.Ad-Hoc|ARM.Build.0 = Release|ARM
		{DCF43C37-05A7-49EE-BA96-74D3FF9C5376}.Ad-Hoc|ARM.Deploy.0 = Release|ARM
		{DCF43C37-05A7-49EE-BA96-74D3FF9C5376}.Ad-Hoc|iPhone.ActiveCfg = Release|x86
		{DCF43C37-05A7-49EE-BA96-74D3FF9C5376}.Ad-Hoc|iPhone.Build.0 = Release|x86
		{DCF43C37-05A7-49EE-BA96-74D3FF9C5376}.Ad-Hoc|iPhone.Deploy.0 = Release|x86
		{DCF43C37-05A7-49EE-BA96-74D3FF9C5376}.Ad-Hoc|iPhoneSimulator.ActiveCfg = Release|x86
		{DCF43C37-05A7-49EE-BA96-74D3FF9C5376}.Ad-Hoc|iPhoneSimulator.Build.0 = Release|x86
		{DCF43C37-05A7-49EE-BA96-74D3FF9C5376}.Ad-Hoc|iPhoneSimulator.Deploy.0 = Release|x86
		{DCF43C37-05A7-49EE-BA96-74D3FF9C5376}.Ad-Hoc|x64.ActiveCfg = Release|x64
		{DCF43C37-05A7-49EE-BA96-74D3FF9C5376}.Ad-Hoc|x64.Build.0 = Release|x64
		{DCF43C37-05A7-49EE-BA96-74D3FF9C5376}.Ad-Hoc|x64.Deploy.0 = Release|x64
		{DCF43C37-05A7-49EE-BA96-74D3FF9C5376}.Ad-Hoc|x86.ActiveCfg = Release|x86
		{DCF43C37-05A7-49EE-BA96-74D3FF9C5376}.Ad-Hoc|x86.Build.0 = Release|x86
		{DCF43C37-05A7-49EE-BA96-74D3FF9C5376}.Ad-Hoc|x86.Deploy.0 = Release|x86
		{DCF43C37-05A7-49EE-BA96-74D3FF9C5376}.AppStore|Any CPU.ActiveCfg = Release|x86
		{DCF43C37-05A7-49EE-BA96-74D3FF9C5376}.AppStore|Any CPU.Build.0 = Release|x86
		{DCF43C37-05A7-49EE-BA96-74D3FF9C5376}.AppStore|Any CPU.Deploy.0 = Release|x86
		{DCF43C37-05A7-49EE-BA96-74D3FF9C5376}.AppStore|ARM.ActiveCfg = Release|ARM
		{DCF43C37-05A7-49EE-BA96-74D3FF9C5376}.AppStore|ARM.Build.0 = Release|ARM
		{DCF43C37-05A7-49EE-BA96-74D3FF9C5376}.AppStore|ARM.Deploy.0 = Release|ARM
		{DCF43C37-05A7-49EE-BA96-74D3FF9C5376}.AppStore|iPhone.ActiveCfg = Release|x86
		{DCF43C37-05A7-49EE-BA96-74D3FF9C5376}.AppStore|iPhone.Build.0 = Release|x86
		{DCF43C37-05A7-49EE-BA96-74D3FF9C5376}.AppStore|iPhone.Deploy.0 = Release|x86
		{DCF43C37-05A7-49EE-BA96-74D3FF9C5376}.AppStore|iPhoneSimulator.ActiveCfg = Release|x86
		{DCF43C37-05A7-49EE-BA96-74D3FF9C5376}.AppStore|iPhoneSimulator.Build.0 = Release|x86
		{DCF43C37-05A7-49EE-BA96-74D3FF9C5376}.AppStore|iPhoneSimulator.Deploy.0 = Release|x86
		{DCF43C37-05A7-49EE-BA96-74D3FF9C5376}.AppStore|x64.ActiveCfg = Release|x64
		{DCF43C37-05A7-49EE-BA96-74D3FF9C5376}.AppStore|x64.Build.0 = Release|x64
		{DCF43C37-05A7-49EE-BA96-74D3FF9C5376}.AppStore|x64.Deploy.0 = Release|x64
		{DCF43C37-05A7-49EE-BA96-74D3FF9C5376}.AppStore|x86.ActiveCfg = Release|x86
		{DCF43C37-05A7-49EE-BA96-74D3FF9C5376}.AppStore|x86.Build.0 = Release|x86
		{DCF43C37-05A7-49EE-BA96-74D3FF9C5376}.AppStore|x86.Deploy.0 = Release|x86
		{DCF43C37-05A7-49EE-BA96-74D3FF9C5376}.Debug|Any CPU.ActiveCfg = Debug|x86
		{DCF43C37-05A7-49EE-BA96-74D3FF9C5376}.Debug|ARM.ActiveCfg = Debug|ARM
		{DCF43C37-05A7-49EE-BA96-74D3FF9C5376}.Debug|ARM.Build.0 = Debug|ARM
		{DCF43C37-05A7-49EE-BA96-74D3FF9C5376}.Debug|ARM.Deploy.0 = Debug|ARM
		{DCF43C37-05A7-49EE-BA96-74D3FF9C5376}.Debug|iPhone.ActiveCfg = Debug|x86
		{DCF43C37-05A7-49EE-BA96-74D3FF9C5376}.Debug|iPhoneSimulator.ActiveCfg = Debug|x86
		{DCF43C37-05A7-49EE-BA96-74D3FF9C5376}.Debug|x64.ActiveCfg = Debug|x64
		{DCF43C37-05A7-49EE-BA96-74D3FF9C5376}.Debug|x64.Build.0 = Debug|x64
		{DCF43C37-05A7-49EE-BA96-74D3FF9C5376}.Debug|x64.Deploy.0 = Debug|x64
		{DCF43C37-05A7-49EE-BA96-74D3FF9C5376}.Debug|x86.ActiveCfg = Debug|x86
		{DCF43C37-05A7-49EE-BA96-74D3FF9C5376}.Debug|x86.Build.0 = Debug|x86
		{DCF43C37-05A7-49EE-BA96-74D3FF9C5376}.Debug|x86.Deploy.0 = Debug|x86
		{DCF43C37-05A7-49EE-BA96-74D3FF9C5376}.Release|Any CPU.ActiveCfg = Release|x86
		{DCF43C37-05A7-49EE-BA96-74D3FF9C5376}.Release|ARM.ActiveCfg = Release|ARM
		{DCF43C37-05A7-49EE-BA96-74D3FF9C5376}.Release|ARM.Build.0 = Release|ARM
		{DCF43C37-05A7-49EE-BA96-74D3FF9C5376}.Release|ARM.Deploy.0 = Release|ARM
		{DCF43C37-05A7-49EE-BA96-74D3FF9C5376}.Release|iPhone.ActiveCfg = Release|x86
		{DCF43C37-05A7-49EE-BA96-74D3FF9C5376}.Release|iPhoneSimulator.ActiveCfg = Release|x86
		{DCF43C37-05A7-49EE-BA96-74D3FF9C5376}.Release|x64.ActiveCfg = Release|x64
		{DCF43C37-05A7-49EE-BA96-74D3FF9C5376}.Release|x64.Build.0 = Release|x64
		{DCF43C37-05A7-49EE-BA96-74D3FF9C5376}.Release|x64.Deploy.0 = Release|x64
		{DCF43C37-05A7-49EE-BA96-74D3FF9C5376}.Release|x86.ActiveCfg = Release|x86
		{DCF43C37-05A7-49EE-BA96-74D3FF9C5376}.Release|x86.Build.0 = Release|x86
		{DCF43C37-05A7-49EE-BA96-74D3FF9C5376}.Release|x86.Deploy.0 = Release|x86
		{E033E0FD-1C4F-41A9-B682-CB62138870CC}.Ad-Hoc|Any CPU.ActiveCfg = Debug|Any CPU
		{E033E0FD-1C4F-41A9-B682-CB62138870CC}.Ad-Hoc|Any CPU.Build.0 = Debug|Any CPU
		{E033E0FD-1C4F-41A9-B682-CB62138870CC}.Ad-Hoc|ARM.ActiveCfg = Debug|Any CPU
		{E033E0FD-1C4F-41A9-B682-CB62138870CC}.Ad-Hoc|ARM.Build.0 = Debug|Any CPU
		{E033E0FD-1C4F-41A9-B682-CB62138870CC}.Ad-Hoc|iPhone.ActiveCfg = Debug|Any CPU
		{E033E0FD-1C4F-41A9-B682-CB62138870CC}.Ad-Hoc|iPhone.Build.0 = Debug|Any CPU
		{E033E0FD-1C4F-41A9-B682-CB62138870CC}.Ad-Hoc|iPhoneSimulator.ActiveCfg = Debug|Any CPU
		{E033E0FD-1C4F-41A9-B682-CB62138870CC}.Ad-Hoc|iPhoneSimulator.Build.0 = Debug|Any CPU
		{E033E0FD-1C4F-41A9-B682-CB62138870CC}.Ad-Hoc|x64.ActiveCfg = Debug|Any CPU
		{E033E0FD-1C4F-41A9-B682-CB62138870CC}.Ad-Hoc|x64.Build.0 = Debug|Any CPU
		{E033E0FD-1C4F-41A9-B682-CB62138870CC}.Ad-Hoc|x86.ActiveCfg = Debug|Any CPU
		{E033E0FD-1C4F-41A9-B682-CB62138870CC}.Ad-Hoc|x86.Build.0 = Debug|Any CPU
		{E033E0FD-1C4F-41A9-B682-CB62138870CC}.AppStore|Any CPU.ActiveCfg = Debug|Any CPU
		{E033E0FD-1C4F-41A9-B682-CB62138870CC}.AppStore|Any CPU.Build.0 = Debug|Any CPU
		{E033E0FD-1C4F-41A9-B682-CB62138870CC}.AppStore|ARM.ActiveCfg = Debug|Any CPU
		{E033E0FD-1C4F-41A9-B682-CB62138870CC}.AppStore|ARM.Build.0 = Debug|Any CPU
		{E033E0FD-1C4F-41A9-B682-CB62138870CC}.AppStore|iPhone.ActiveCfg = Debug|Any CPU
		{E033E0FD-1C4F-41A9-B682-CB62138870CC}.AppStore|iPhone.Build.0 = Debug|Any CPU
		{E033E0FD-1C4F-41A9-B682-CB62138870CC}.AppStore|iPhoneSimulator.ActiveCfg = Debug|Any CPU
		{E033E0FD-1C4F-41A9-B682-CB62138870CC}.AppStore|iPhoneSimulator.Build.0 = Debug|Any CPU
		{E033E0FD-1C4F-41A9-B682-CB62138870CC}.AppStore|x64.ActiveCfg = Debug|Any CPU
		{E033E0FD-1C4F-41A9-B682-CB62138870CC}.AppStore|x64.Build.0 = Debug|Any CPU
		{E033E0FD-1C4F-41A9-B682-CB62138870CC}.AppStore|x86.ActiveCfg = Debug|Any CPU
		{E033E0FD-1C4F-41A9-B682-CB62138870CC}.AppStore|x86.Build.0 = Debug|Any CPU
		{E033E0FD-1C4F-41A9-B682-CB62138870CC}.Debug|Any CPU.ActiveCfg = Debug|Any CPU
		{E033E0FD-1C4F-41A9-B682-CB62138870CC}.Debug|Any CPU.Build.0 = Debug|Any CPU
		{E033E0FD-1C4F-41A9-B682-CB62138870CC}.Debug|ARM.ActiveCfg = Debug|Any CPU
		{E033E0FD-1C4F-41A9-B682-CB62138870CC}.Debug|ARM.Build.0 = Debug|Any CPU
		{E033E0FD-1C4F-41A9-B682-CB62138870CC}.Debug|iPhone.ActiveCfg = Debug|Any CPU
		{E033E0FD-1C4F-41A9-B682-CB62138870CC}.Debug|iPhone.Build.0 = Debug|Any CPU
		{E033E0FD-1C4F-41A9-B682-CB62138870CC}.Debug|iPhoneSimulator.ActiveCfg = Debug|Any CPU
		{E033E0FD-1C4F-41A9-B682-CB62138870CC}.Debug|iPhoneSimulator.Build.0 = Debug|Any CPU
		{E033E0FD-1C4F-41A9-B682-CB62138870CC}.Debug|x64.ActiveCfg = Debug|Any CPU
		{E033E0FD-1C4F-41A9-B682-CB62138870CC}.Debug|x64.Build.0 = Debug|Any CPU
		{E033E0FD-1C4F-41A9-B682-CB62138870CC}.Debug|x86.ActiveCfg = Debug|Any CPU
		{E033E0FD-1C4F-41A9-B682-CB62138870CC}.Debug|x86.Build.0 = Debug|Any CPU
		{E033E0FD-1C4F-41A9-B682-CB62138870CC}.Release|Any CPU.ActiveCfg = Release|Any CPU
		{E033E0FD-1C4F-41A9-B682-CB62138870CC}.Release|Any CPU.Build.0 = Release|Any CPU
		{E033E0FD-1C4F-41A9-B682-CB62138870CC}.Release|ARM.ActiveCfg = Release|Any CPU
		{E033E0FD-1C4F-41A9-B682-CB62138870CC}.Release|ARM.Build.0 = Release|Any CPU
		{E033E0FD-1C4F-41A9-B682-CB62138870CC}.Release|iPhone.ActiveCfg = Release|Any CPU
		{E033E0FD-1C4F-41A9-B682-CB62138870CC}.Release|iPhone.Build.0 = Release|Any CPU
		{E033E0FD-1C4F-41A9-B682-CB62138870CC}.Release|iPhoneSimulator.ActiveCfg = Release|Any CPU
		{E033E0FD-1C4F-41A9-B682-CB62138870CC}.Release|iPhoneSimulator.Build.0 = Release|Any CPU
		{E033E0FD-1C4F-41A9-B682-CB62138870CC}.Release|x64.ActiveCfg = Release|Any CPU
		{E033E0FD-1C4F-41A9-B682-CB62138870CC}.Release|x64.Build.0 = Release|Any CPU
		{E033E0FD-1C4F-41A9-B682-CB62138870CC}.Release|x86.ActiveCfg = Release|Any CPU
		{E033E0FD-1C4F-41A9-B682-CB62138870CC}.Release|x86.Build.0 = Release|Any CPU
		{747982F0-2A6F-43A6-AE95-0D03D717F411}.Ad-Hoc|Any CPU.ActiveCfg = Debug|Any CPU
		{747982F0-2A6F-43A6-AE95-0D03D717F411}.Ad-Hoc|Any CPU.Build.0 = Debug|Any CPU
		{747982F0-2A6F-43A6-AE95-0D03D717F411}.Ad-Hoc|ARM.ActiveCfg = Debug|Any CPU
		{747982F0-2A6F-43A6-AE95-0D03D717F411}.Ad-Hoc|ARM.Build.0 = Debug|Any CPU
		{747982F0-2A6F-43A6-AE95-0D03D717F411}.Ad-Hoc|iPhone.ActiveCfg = Debug|Any CPU
		{747982F0-2A6F-43A6-AE95-0D03D717F411}.Ad-Hoc|iPhone.Build.0 = Debug|Any CPU
		{747982F0-2A6F-43A6-AE95-0D03D717F411}.Ad-Hoc|iPhoneSimulator.ActiveCfg = Debug|Any CPU
		{747982F0-2A6F-43A6-AE95-0D03D717F411}.Ad-Hoc|iPhoneSimulator.Build.0 = Debug|Any CPU
		{747982F0-2A6F-43A6-AE95-0D03D717F411}.Ad-Hoc|x64.ActiveCfg = Debug|Any CPU
		{747982F0-2A6F-43A6-AE95-0D03D717F411}.Ad-Hoc|x64.Build.0 = Debug|Any CPU
		{747982F0-2A6F-43A6-AE95-0D03D717F411}.Ad-Hoc|x86.ActiveCfg = Debug|Any CPU
		{747982F0-2A6F-43A6-AE95-0D03D717F411}.Ad-Hoc|x86.Build.0 = Debug|Any CPU
		{747982F0-2A6F-43A6-AE95-0D03D717F411}.AppStore|Any CPU.ActiveCfg = Debug|Any CPU
		{747982F0-2A6F-43A6-AE95-0D03D717F411}.AppStore|Any CPU.Build.0 = Debug|Any CPU
		{747982F0-2A6F-43A6-AE95-0D03D717F411}.AppStore|ARM.ActiveCfg = Debug|Any CPU
		{747982F0-2A6F-43A6-AE95-0D03D717F411}.AppStore|ARM.Build.0 = Debug|Any CPU
		{747982F0-2A6F-43A6-AE95-0D03D717F411}.AppStore|iPhone.ActiveCfg = Debug|Any CPU
		{747982F0-2A6F-43A6-AE95-0D03D717F411}.AppStore|iPhone.Build.0 = Debug|Any CPU
		{747982F0-2A6F-43A6-AE95-0D03D717F411}.AppStore|iPhoneSimulator.ActiveCfg = Debug|Any CPU
		{747982F0-2A6F-43A6-AE95-0D03D717F411}.AppStore|iPhoneSimulator.Build.0 = Debug|Any CPU
		{747982F0-2A6F-43A6-AE95-0D03D717F411}.AppStore|x64.ActiveCfg = Debug|Any CPU
		{747982F0-2A6F-43A6-AE95-0D03D717F411}.AppStore|x64.Build.0 = Debug|Any CPU
		{747982F0-2A6F-43A6-AE95-0D03D717F411}.AppStore|x86.ActiveCfg = Debug|Any CPU
		{747982F0-2A6F-43A6-AE95-0D03D717F411}.AppStore|x86.Build.0 = Debug|Any CPU
		{747982F0-2A6F-43A6-AE95-0D03D717F411}.Debug|Any CPU.ActiveCfg = Debug|Any CPU
		{747982F0-2A6F-43A6-AE95-0D03D717F411}.Debug|Any CPU.Build.0 = Debug|Any CPU
		{747982F0-2A6F-43A6-AE95-0D03D717F411}.Debug|ARM.ActiveCfg = Debug|Any CPU
		{747982F0-2A6F-43A6-AE95-0D03D717F411}.Debug|ARM.Build.0 = Debug|Any CPU
		{747982F0-2A6F-43A6-AE95-0D03D717F411}.Debug|iPhone.ActiveCfg = Debug|Any CPU
		{747982F0-2A6F-43A6-AE95-0D03D717F411}.Debug|iPhone.Build.0 = Debug|Any CPU
		{747982F0-2A6F-43A6-AE95-0D03D717F411}.Debug|iPhoneSimulator.ActiveCfg = Debug|Any CPU
		{747982F0-2A6F-43A6-AE95-0D03D717F411}.Debug|iPhoneSimulator.Build.0 = Debug|Any CPU
		{747982F0-2A6F-43A6-AE95-0D03D717F411}.Debug|x64.ActiveCfg = Debug|Any CPU
		{747982F0-2A6F-43A6-AE95-0D03D717F411}.Debug|x64.Build.0 = Debug|Any CPU
		{747982F0-2A6F-43A6-AE95-0D03D717F411}.Debug|x86.ActiveCfg = Debug|Any CPU
		{747982F0-2A6F-43A6-AE95-0D03D717F411}.Debug|x86.Build.0 = Debug|Any CPU
		{747982F0-2A6F-43A6-AE95-0D03D717F411}.Release|Any CPU.ActiveCfg = Release|Any CPU
		{747982F0-2A6F-43A6-AE95-0D03D717F411}.Release|Any CPU.Build.0 = Release|Any CPU
		{747982F0-2A6F-43A6-AE95-0D03D717F411}.Release|ARM.ActiveCfg = Release|Any CPU
		{747982F0-2A6F-43A6-AE95-0D03D717F411}.Release|ARM.Build.0 = Release|Any CPU
		{747982F0-2A6F-43A6-AE95-0D03D717F411}.Release|iPhone.ActiveCfg = Release|Any CPU
		{747982F0-2A6F-43A6-AE95-0D03D717F411}.Release|iPhone.Build.0 = Release|Any CPU
		{747982F0-2A6F-43A6-AE95-0D03D717F411}.Release|iPhoneSimulator.ActiveCfg = Release|Any CPU
		{747982F0-2A6F-43A6-AE95-0D03D717F411}.Release|iPhoneSimulator.Build.0 = Release|Any CPU
		{747982F0-2A6F-43A6-AE95-0D03D717F411}.Release|x64.ActiveCfg = Release|Any CPU
		{747982F0-2A6F-43A6-AE95-0D03D717F411}.Release|x64.Build.0 = Release|Any CPU
		{747982F0-2A6F-43A6-AE95-0D03D717F411}.Release|x86.ActiveCfg = Release|Any CPU
		{747982F0-2A6F-43A6-AE95-0D03D717F411}.Release|x86.Build.0 = Release|Any CPU
		{4C26063A-DADC-45B6-B09A-5F3D4D44167E}.Ad-Hoc|Any CPU.ActiveCfg = Release|Any CPU
		{4C26063A-DADC-45B6-B09A-5F3D4D44167E}.Ad-Hoc|Any CPU.Build.0 = Release|Any CPU
		{4C26063A-DADC-45B6-B09A-5F3D4D44167E}.Ad-Hoc|Any CPU.Deploy.0 = Release|Any CPU
		{4C26063A-DADC-45B6-B09A-5F3D4D44167E}.Ad-Hoc|ARM.ActiveCfg = Release|Any CPU
		{4C26063A-DADC-45B6-B09A-5F3D4D44167E}.Ad-Hoc|ARM.Build.0 = Release|Any CPU
		{4C26063A-DADC-45B6-B09A-5F3D4D44167E}.Ad-Hoc|ARM.Deploy.0 = Release|Any CPU
		{4C26063A-DADC-45B6-B09A-5F3D4D44167E}.Ad-Hoc|iPhone.ActiveCfg = Release|Any CPU
		{4C26063A-DADC-45B6-B09A-5F3D4D44167E}.Ad-Hoc|iPhone.Build.0 = Release|Any CPU
		{4C26063A-DADC-45B6-B09A-5F3D4D44167E}.Ad-Hoc|iPhone.Deploy.0 = Release|Any CPU
		{4C26063A-DADC-45B6-B09A-5F3D4D44167E}.Ad-Hoc|iPhoneSimulator.ActiveCfg = Release|Any CPU
		{4C26063A-DADC-45B6-B09A-5F3D4D44167E}.Ad-Hoc|iPhoneSimulator.Build.0 = Release|Any CPU
		{4C26063A-DADC-45B6-B09A-5F3D4D44167E}.Ad-Hoc|iPhoneSimulator.Deploy.0 = Release|Any CPU
		{4C26063A-DADC-45B6-B09A-5F3D4D44167E}.Ad-Hoc|x64.ActiveCfg = Release|Any CPU
		{4C26063A-DADC-45B6-B09A-5F3D4D44167E}.Ad-Hoc|x64.Build.0 = Release|Any CPU
		{4C26063A-DADC-45B6-B09A-5F3D4D44167E}.Ad-Hoc|x64.Deploy.0 = Release|Any CPU
		{4C26063A-DADC-45B6-B09A-5F3D4D44167E}.Ad-Hoc|x86.ActiveCfg = Release|Any CPU
		{4C26063A-DADC-45B6-B09A-5F3D4D44167E}.Ad-Hoc|x86.Build.0 = Release|Any CPU
		{4C26063A-DADC-45B6-B09A-5F3D4D44167E}.Ad-Hoc|x86.Deploy.0 = Release|Any CPU
		{4C26063A-DADC-45B6-B09A-5F3D4D44167E}.AppStore|Any CPU.ActiveCfg = Release|Any CPU
		{4C26063A-DADC-45B6-B09A-5F3D4D44167E}.AppStore|Any CPU.Build.0 = Release|Any CPU
		{4C26063A-DADC-45B6-B09A-5F3D4D44167E}.AppStore|Any CPU.Deploy.0 = Release|Any CPU
		{4C26063A-DADC-45B6-B09A-5F3D4D44167E}.AppStore|ARM.ActiveCfg = Release|Any CPU
		{4C26063A-DADC-45B6-B09A-5F3D4D44167E}.AppStore|ARM.Build.0 = Release|Any CPU
		{4C26063A-DADC-45B6-B09A-5F3D4D44167E}.AppStore|ARM.Deploy.0 = Release|Any CPU
		{4C26063A-DADC-45B6-B09A-5F3D4D44167E}.AppStore|iPhone.ActiveCfg = Release|Any CPU
		{4C26063A-DADC-45B6-B09A-5F3D4D44167E}.AppStore|iPhone.Build.0 = Release|Any CPU
		{4C26063A-DADC-45B6-B09A-5F3D4D44167E}.AppStore|iPhone.Deploy.0 = Release|Any CPU
		{4C26063A-DADC-45B6-B09A-5F3D4D44167E}.AppStore|iPhoneSimulator.ActiveCfg = Release|Any CPU
		{4C26063A-DADC-45B6-B09A-5F3D4D44167E}.AppStore|iPhoneSimulator.Build.0 = Release|Any CPU
		{4C26063A-DADC-45B6-B09A-5F3D4D44167E}.AppStore|iPhoneSimulator.Deploy.0 = Release|Any CPU
		{4C26063A-DADC-45B6-B09A-5F3D4D44167E}.AppStore|x64.ActiveCfg = Release|Any CPU
		{4C26063A-DADC-45B6-B09A-5F3D4D44167E}.AppStore|x64.Build.0 = Release|Any CPU
		{4C26063A-DADC-45B6-B09A-5F3D4D44167E}.AppStore|x64.Deploy.0 = Release|Any CPU
		{4C26063A-DADC-45B6-B09A-5F3D4D44167E}.AppStore|x86.ActiveCfg = Release|Any CPU
		{4C26063A-DADC-45B6-B09A-5F3D4D44167E}.AppStore|x86.Build.0 = Release|Any CPU
		{4C26063A-DADC-45B6-B09A-5F3D4D44167E}.AppStore|x86.Deploy.0 = Release|Any CPU
		{4C26063A-DADC-45B6-B09A-5F3D4D44167E}.Debug|Any CPU.ActiveCfg = Debug|Any CPU
		{4C26063A-DADC-45B6-B09A-5F3D4D44167E}.Debug|Any CPU.Build.0 = Debug|Any CPU
		{4C26063A-DADC-45B6-B09A-5F3D4D44167E}.Debug|Any CPU.Deploy.0 = Debug|Any CPU
		{4C26063A-DADC-45B6-B09A-5F3D4D44167E}.Debug|ARM.ActiveCfg = Debug|Any CPU
		{4C26063A-DADC-45B6-B09A-5F3D4D44167E}.Debug|ARM.Build.0 = Debug|Any CPU
		{4C26063A-DADC-45B6-B09A-5F3D4D44167E}.Debug|ARM.Deploy.0 = Debug|Any CPU
		{4C26063A-DADC-45B6-B09A-5F3D4D44167E}.Debug|iPhone.ActiveCfg = Debug|Any CPU
		{4C26063A-DADC-45B6-B09A-5F3D4D44167E}.Debug|iPhone.Build.0 = Debug|Any CPU
		{4C26063A-DADC-45B6-B09A-5F3D4D44167E}.Debug|iPhone.Deploy.0 = Debug|Any CPU
		{4C26063A-DADC-45B6-B09A-5F3D4D44167E}.Debug|iPhoneSimulator.ActiveCfg = Debug|Any CPU
		{4C26063A-DADC-45B6-B09A-5F3D4D44167E}.Debug|iPhoneSimulator.Build.0 = Debug|Any CPU
		{4C26063A-DADC-45B6-B09A-5F3D4D44167E}.Debug|iPhoneSimulator.Deploy.0 = Debug|Any CPU
		{4C26063A-DADC-45B6-B09A-5F3D4D44167E}.Debug|x64.ActiveCfg = Debug|Any CPU
		{4C26063A-DADC-45B6-B09A-5F3D4D44167E}.Debug|x64.Build.0 = Debug|Any CPU
		{4C26063A-DADC-45B6-B09A-5F3D4D44167E}.Debug|x64.Deploy.0 = Debug|Any CPU
		{4C26063A-DADC-45B6-B09A-5F3D4D44167E}.Debug|x86.ActiveCfg = Debug|Any CPU
		{4C26063A-DADC-45B6-B09A-5F3D4D44167E}.Debug|x86.Build.0 = Debug|Any CPU
		{4C26063A-DADC-45B6-B09A-5F3D4D44167E}.Debug|x86.Deploy.0 = Debug|Any CPU
		{4C26063A-DADC-45B6-B09A-5F3D4D44167E}.Release|Any CPU.ActiveCfg = Release|Any CPU
		{4C26063A-DADC-45B6-B09A-5F3D4D44167E}.Release|Any CPU.Build.0 = Release|Any CPU
		{4C26063A-DADC-45B6-B09A-5F3D4D44167E}.Release|Any CPU.Deploy.0 = Release|Any CPU
		{4C26063A-DADC-45B6-B09A-5F3D4D44167E}.Release|ARM.ActiveCfg = Release|Any CPU
		{4C26063A-DADC-45B6-B09A-5F3D4D44167E}.Release|ARM.Build.0 = Release|Any CPU
		{4C26063A-DADC-45B6-B09A-5F3D4D44167E}.Release|ARM.Deploy.0 = Release|Any CPU
		{4C26063A-DADC-45B6-B09A-5F3D4D44167E}.Release|iPhone.ActiveCfg = Release|Any CPU
		{4C26063A-DADC-45B6-B09A-5F3D4D44167E}.Release|iPhone.Build.0 = Release|Any CPU
		{4C26063A-DADC-45B6-B09A-5F3D4D44167E}.Release|iPhone.Deploy.0 = Release|Any CPU
		{4C26063A-DADC-45B6-B09A-5F3D4D44167E}.Release|iPhoneSimulator.ActiveCfg = Release|Any CPU
		{4C26063A-DADC-45B6-B09A-5F3D4D44167E}.Release|iPhoneSimulator.Build.0 = Release|Any CPU
		{4C26063A-DADC-45B6-B09A-5F3D4D44167E}.Release|iPhoneSimulator.Deploy.0 = Release|Any CPU
		{4C26063A-DADC-45B6-B09A-5F3D4D44167E}.Release|x64.ActiveCfg = Release|Any CPU
		{4C26063A-DADC-45B6-B09A-5F3D4D44167E}.Release|x64.Build.0 = Release|Any CPU
		{4C26063A-DADC-45B6-B09A-5F3D4D44167E}.Release|x64.Deploy.0 = Release|Any CPU
		{4C26063A-DADC-45B6-B09A-5F3D4D44167E}.Release|x86.ActiveCfg = Release|Any CPU
		{4C26063A-DADC-45B6-B09A-5F3D4D44167E}.Release|x86.Build.0 = Release|Any CPU
		{4C26063A-DADC-45B6-B09A-5F3D4D44167E}.Release|x86.Deploy.0 = Release|Any CPU
		{80A96B52-6758-4BDB-B0B4-CEA4CA155C60}.Ad-Hoc|Any CPU.ActiveCfg = Release|iPhone
		{80A96B52-6758-4BDB-B0B4-CEA4CA155C60}.Ad-Hoc|Any CPU.Build.0 = Release|iPhone
		{80A96B52-6758-4BDB-B0B4-CEA4CA155C60}.Ad-Hoc|ARM.ActiveCfg = Release|iPhone
		{80A96B52-6758-4BDB-B0B4-CEA4CA155C60}.Ad-Hoc|ARM.Build.0 = Release|iPhone
		{80A96B52-6758-4BDB-B0B4-CEA4CA155C60}.Ad-Hoc|iPhone.ActiveCfg = Release|iPhone
		{80A96B52-6758-4BDB-B0B4-CEA4CA155C60}.Ad-Hoc|iPhone.Build.0 = Release|iPhone
		{80A96B52-6758-4BDB-B0B4-CEA4CA155C60}.Ad-Hoc|iPhoneSimulator.ActiveCfg = Release|iPhoneSimulator
		{80A96B52-6758-4BDB-B0B4-CEA4CA155C60}.Ad-Hoc|iPhoneSimulator.Build.0 = Release|iPhoneSimulator
		{80A96B52-6758-4BDB-B0B4-CEA4CA155C60}.Ad-Hoc|x64.ActiveCfg = Release|iPhone
		{80A96B52-6758-4BDB-B0B4-CEA4CA155C60}.Ad-Hoc|x64.Build.0 = Release|iPhone
		{80A96B52-6758-4BDB-B0B4-CEA4CA155C60}.Ad-Hoc|x86.ActiveCfg = Release|iPhone
		{80A96B52-6758-4BDB-B0B4-CEA4CA155C60}.Ad-Hoc|x86.Build.0 = Release|iPhone
		{80A96B52-6758-4BDB-B0B4-CEA4CA155C60}.AppStore|Any CPU.ActiveCfg = Release|iPhone
		{80A96B52-6758-4BDB-B0B4-CEA4CA155C60}.AppStore|Any CPU.Build.0 = Release|iPhone
		{80A96B52-6758-4BDB-B0B4-CEA4CA155C60}.AppStore|ARM.ActiveCfg = Release|iPhone
		{80A96B52-6758-4BDB-B0B4-CEA4CA155C60}.AppStore|ARM.Build.0 = Release|iPhone
		{80A96B52-6758-4BDB-B0B4-CEA4CA155C60}.AppStore|iPhone.ActiveCfg = Release|iPhone
		{80A96B52-6758-4BDB-B0B4-CEA4CA155C60}.AppStore|iPhone.Build.0 = Release|iPhone
		{80A96B52-6758-4BDB-B0B4-CEA4CA155C60}.AppStore|iPhoneSimulator.ActiveCfg = Release|iPhoneSimulator
		{80A96B52-6758-4BDB-B0B4-CEA4CA155C60}.AppStore|iPhoneSimulator.Build.0 = Release|iPhoneSimulator
		{80A96B52-6758-4BDB-B0B4-CEA4CA155C60}.AppStore|x64.ActiveCfg = Release|iPhone
		{80A96B52-6758-4BDB-B0B4-CEA4CA155C60}.AppStore|x64.Build.0 = Release|iPhone
		{80A96B52-6758-4BDB-B0B4-CEA4CA155C60}.AppStore|x86.ActiveCfg = Release|iPhone
		{80A96B52-6758-4BDB-B0B4-CEA4CA155C60}.AppStore|x86.Build.0 = Release|iPhone
		{80A96B52-6758-4BDB-B0B4-CEA4CA155C60}.Debug|Any CPU.ActiveCfg = Debug|iPhone
		{80A96B52-6758-4BDB-B0B4-CEA4CA155C60}.Debug|ARM.ActiveCfg = Debug|iPhone
		{80A96B52-6758-4BDB-B0B4-CEA4CA155C60}.Debug|iPhone.ActiveCfg = Debug|iPhone
		{80A96B52-6758-4BDB-B0B4-CEA4CA155C60}.Debug|iPhone.Build.0 = Debug|iPhone
		{80A96B52-6758-4BDB-B0B4-CEA4CA155C60}.Debug|iPhoneSimulator.ActiveCfg = Debug|iPhoneSimulator
		{80A96B52-6758-4BDB-B0B4-CEA4CA155C60}.Debug|iPhoneSimulator.Build.0 = Debug|iPhoneSimulator
		{80A96B52-6758-4BDB-B0B4-CEA4CA155C60}.Debug|x64.ActiveCfg = Debug|iPhone
		{80A96B52-6758-4BDB-B0B4-CEA4CA155C60}.Debug|x86.ActiveCfg = Debug|iPhone
		{80A96B52-6758-4BDB-B0B4-CEA4CA155C60}.Release|Any CPU.ActiveCfg = Release|iPhone
		{80A96B52-6758-4BDB-B0B4-CEA4CA155C60}.Release|ARM.ActiveCfg = Release|iPhone
		{80A96B52-6758-4BDB-B0B4-CEA4CA155C60}.Release|iPhone.ActiveCfg = Release|iPhone
		{80A96B52-6758-4BDB-B0B4-CEA4CA155C60}.Release|iPhone.Build.0 = Release|iPhone
		{80A96B52-6758-4BDB-B0B4-CEA4CA155C60}.Release|iPhoneSimulator.ActiveCfg = Release|iPhoneSimulator
		{80A96B52-6758-4BDB-B0B4-CEA4CA155C60}.Release|iPhoneSimulator.Build.0 = Release|iPhoneSimulator
		{80A96B52-6758-4BDB-B0B4-CEA4CA155C60}.Release|x64.ActiveCfg = Release|iPhone
		{80A96B52-6758-4BDB-B0B4-CEA4CA155C60}.Release|x86.ActiveCfg = Release|iPhone
	EndGlobalSection
	GlobalSection(SolutionProperties) = preSolution
		HideSolutionNode = FALSE
	EndGlobalSection
	GlobalSection(NestedProjects) = preSolution
		{38B8E644-B556-4926-8923-EF67C711B0E3} = {40B6919E-D95B-4E16-8327-0106ADE8DE81}
		{AF04D43E-C371-4F86-A7CA-2CC55455E772} = {71D03F7B-467E-48AC-9133-0DCAAF3306CA}
		{C13328F3-FFE6-419D-91CB-8E6CCC0C275A} = {F53BDD35-F7DB-4473-840B-DAC97E78BBE0}
		{F6337960-8A44-42C4-AECB-72374D6C72A4} = {F53BDD35-F7DB-4473-840B-DAC97E78BBE0}
		{385A9B6D-F32C-453B-B175-67A6950DEABF} = {C13328F3-FFE6-419D-91CB-8E6CCC0C275A}
		{0C63C0EC-8FC1-487C-9677-46232888BCD6} = {C13328F3-FFE6-419D-91CB-8E6CCC0C275A}
		{DCF43C37-05A7-49EE-BA96-74D3FF9C5376} = {C13328F3-FFE6-419D-91CB-8E6CCC0C275A}
		{E033E0FD-1C4F-41A9-B682-CB62138870CC} = {C13328F3-FFE6-419D-91CB-8E6CCC0C275A}
		{747982F0-2A6F-43A6-AE95-0D03D717F411} = {F6337960-8A44-42C4-AECB-72374D6C72A4}
		{4C26063A-DADC-45B6-B09A-5F3D4D44167E} = {F6337960-8A44-42C4-AECB-72374D6C72A4}
		{80A96B52-6758-4BDB-B0B4-CEA4CA155C60} = {F6337960-8A44-42C4-AECB-72374D6C72A4}
	EndGlobalSection
	GlobalSection(ExtensibilityGlobals) = postSolution
		SolutionGuid = {8014D096-492C-4B80-B2DC-3349CE46BF8A}
	EndGlobalSection
EndGlobal
